Microsoft Visual Studio Solution File, Format Version 12.00
# Visual Studio Version 17
VisualStudioVersion = 17.5.2.0
MinimumVisualStudioVersion = 10.0.40219.1
Project("{FAE04EC0-301F-11D3-BF4B-00C04F79EFBC}") = "OutfitStudio", "OutfitStudio\OutfitStudio.csproj", "{B2206E18-9EAD-11CD-C01F-A6FD10214A28}"
EndProject
Global
	GlobalSection(SolutionConfigurationPlatforms) = preSolution
		Debug|Any CPU = Debug|Any CPU
		Release|Any CPU = Release|Any CPU
	EndGlobalSection
	GlobalSection(ProjectConfigurationPlatforms) = postSolution
		{B2206E18-9EAD-11CD-C01F-A6FD10214A28}.Debug|Any CPU.ActiveCfg = Debug|Any CPU
		{B2206E18-9EAD-11CD-C01F-A6FD10214A28}.Debug|Any CPU.Build.0 = Debug|Any CPU
		{B2206E18-9EAD-11CD-C01F-A6FD10214A28}.Release|Any CPU.ActiveCfg = Release|Any CPU
		{B2206E18-9EAD-11CD-C01F-A6FD10214A28}.Release|Any CPU.Build.0 = Release|Any CPU
	EndGlobalSection
	GlobalSection(SolutionProperties) = preSolution
		HideSolutionNode = FALSE
	EndGlobalSection
	GlobalSection(ExtensibilityGlobals) = postSolution
		SolutionGuid = {2DC16533-E8EF-4437-997D-EC776D2CCB5E}
	EndGlobalSection
EndGlobal
